
Microsoft Visual Studio Solution File, Format Version 12.00
# Visual Studio Version 17
VisualStudioVersion = 17.0.32014.148
MinimumVisualStudioVersion = 10.0.40219.1
Project("{FAE04EC0-301F-11D3-BF4B-00C04F79EFBC}") = "Marius.Dobrovolskis", "Marius.Dobrovolskis.csproj", "{FE449E77-CEEE-4061-9EF9-BE2540CEA4A2}"
EndProject
Global
	GlobalSection(SolutionConfigurationPlatforms) = preSolution
		Debug|Any CPU = Debug|Any CPU
		Release|Any CPU = Release|Any CPU
	EndGlobalSection
	GlobalSection(ProjectConfigurationPlatforms) = postSolution
		{FE449E77-CEEE-4061-9EF9-BE2540CEA4A2}.Debug|Any CPU.ActiveCfg = Debug|Any CPU
		{FE449E77-CEEE-4061-9EF9-BE2540CEA4A2}.Debug|Any CPU.Build.0 = Debug|Any CPU
		{FE449E77-CEEE-4061-9EF9-BE2540CEA4A2}.Release|Any CPU.ActiveCfg = Release|Any CPU
		{FE449E77-CEEE-4061-9EF9-BE2540CEA4A2}.Release|Any CPU.Build.0 = Release|Any CPU
	EndGlobalSection
	GlobalSection(SolutionProperties) = preSolution
		HideSolutionNode = FALSE
	EndGlobalSection
	GlobalSection(ExtensibilityGlobals) = postSolution
		SolutionGuid = {986A3E3B-1B18-4C1F-8D8D-B8BAD25B759A}
	EndGlobalSection
EndGlobal
